
Microsoft Visual Studio Solution File, Format Version 12.00
# Visual Studio Version 17
VisualStudioVersion = 17.14.36414.22
MinimumVisualStudioVersion = 10.0.40219.1
Project("{2150E333-8FDC-42A3-9474-1A3956D46DE8}") = "Task0", "Task0", "{02EA681E-C7D8-13C7-8484-4AC65E1B71E8}"
EndProject
Project("{FAE04EC0-301F-11D3-BF4B-00C04F79EFBC}") = "Tyuiu.GolovanovDO.Sprint2.Task0.V11", "Tyuiu.GolovanovDO.Sprint2.Task0.V11\Tyuiu.GolovanovDO.Sprint2.Task0.V11.csproj", "{BD0DEDBB-51B5-499E-BC2D-36B6B1AEA552}"
EndProject
Project("{FAE04EC0-301F-11D3-BF4B-00C04F79EFBC}") = "Tyuiu.GolovanovDO.Sprint2.Task0.V11.Lib", "Tyuiu.GolovanovDO.Sprint2.Task0.V11.Lib\Tyuiu.GolovanovDO.Sprint2.Task0.V11.Lib.csproj", "{5935F50F-FABA-434C-9EAF-0223A56B8B95}"
EndProject
Project("{FAE04EC0-301F-11D3-BF4B-00C04F79EFBC}") = "Tyuiu.GolovanovDO.Sprint2.Task0.V11.Test", "Tyuiu.GolovanovDO.Sprint2.Task0.V11.Test\Tyuiu.GolovanovDO.Sprint2.Task0.V11.Test.csproj", "{6C48A3F0-80E9-4FC5-8D1B-6E83B9EB2B1B}"
EndProject
Project("{2150E333-8FDC-42A3-9474-1A3956D46DE8}") = "Task1", "Task1", "{C7086DD2-E150-436C-9E43-8334B9F0033E}"
EndProject
Project("{FAE04EC0-301F-11D3-BF4B-00C04F79EFBC}") = "Tyuiu.GolovanovDO.Sprint2.Task1.V25", "Tyuiu.GolovanovDO.Sprint2.Task1.V25\Tyuiu.GolovanovDO.Sprint2.Task1.V25.csproj", "{4A988FEA-672F-4944-81DC-FABA173B4200}"
EndProject
Project("{FAE04EC0-301F-11D3-BF4B-00C04F79EFBC}") = "Tyuiu.GolovanovDO.Sprint2.Task1.V25.Lib", "Tyuiu.GolovanovDO.Sprint2.Task1.V25.Lib\Tyuiu.GolovanovDO.Sprint2.Task1.V25.Lib.csproj", "{CBF7B28D-300C-4AE1-9712-196CEEC092BA}"
EndProject
Project("{FAE04EC0-301F-11D3-BF4B-00C04F79EFBC}") = "Tyuiu.GolovanovDO.Sprint2.Task1.V25.Test", "Tyuiu.GolovanovDO.Sprint2.Task1.V25.Test\Tyuiu.GolovanovDO.Sprint2.Task1.V25.Test.csproj", "{411F9BB6-8EE6-4EA8-9E1D-976CE574B6BF}"
EndProject
Project("{2150E333-8FDC-42A3-9474-1A3956D46DE8}") = "Task2", "Task2", "{AF5854B4-43AA-45F3-91EE-1D5D02768926}"
EndProject
Project("{FAE04EC0-301F-11D3-BF4B-00C04F79EFBC}") = "Tyuiu.GolovanovDO.Sprint2.Task2.V30", "Tyuiu.GolovanovDO.Sprint2.Task2.V30\Tyuiu.GolovanovDO.Sprint2.Task2.V30.csproj", "{EB51A13D-C6B7-4487-A8F8-31D561DF3BDF}"
EndProject
Project("{FAE04EC0-301F-11D3-BF4B-00C04F79EFBC}") = "Tyuiu.GolovanovDO.Sprint2.Task2.V30.Lib", "Tyuiu.GolovanovDO.Sprint2.Task2.V30.Lib\Tyuiu.GolovanovDO.Sprint2.Task2.V30.Lib.csproj", "{6723529F-B6DC-4E8A-AA08-3DDAB9BE92CB}"
EndProject
Project("{FAE04EC0-301F-11D3-BF4B-00C04F79EFBC}") = "Tyuiu.GolovanovDO.Sprint2.Task2.V30.Test", "Tyuiu.GolovanovDO.Sprint2.Task2.V30.Test\Tyuiu.GolovanovDO.Sprint2.Task2.V30.Test.csproj", "{E1ADFF20-C73A-4919-8B6F-842DE9547D9C}"
EndProject
Global
	GlobalSection(SolutionConfigurationPlatforms) = preSolution
		Debug|Any CPU = Debug|Any CPU
		Release|Any CPU = Release|Any CPU
	EndGlobalSection
	GlobalSection(ProjectConfigurationPlatforms) = postSolution
		{BD0DEDBB-51B5-499E-BC2D-36B6B1AEA552}.Debug|Any CPU.ActiveCfg = Debug|Any CPU
		{BD0DEDBB-51B5-499E-BC2D-36B6B1AEA552}.Debug|Any CPU.Build.0 = Debug|Any CPU
		{BD0DEDBB-51B5-499E-BC2D-36B6B1AEA552}.Release|Any CPU.ActiveCfg = Release|Any CPU
		{BD0DEDBB-51B5-499E-BC2D-36B6B1AEA552}.Release|Any CPU.Build.0 = Release|Any CPU
		{5935F50F-FABA-434C-9EAF-0223A56B8B95}.Debug|Any CPU.ActiveCfg = Debug|Any CPU
		{5935F50F-FABA-434C-9EAF-0223A56B8B95}.Debug|Any CPU.Build.0 = Debug|Any CPU
		{5935F50F-FABA-434C-9EAF-0223A56B8B95}.Release|Any CPU.ActiveCfg = Release|Any CPU
		{5935F50F-FABA-434C-9EAF-0223A56B8B95}.Release|Any CPU.Build.0 = Release|Any CPU
		{6C48A3F0-80E9-4FC5-8D1B-6E83B9EB2B1B}.Debug|Any CPU.ActiveCfg = Debug|Any CPU
		{6C48A3F0-80E9-4FC5-8D1B-6E83B9EB2B1B}.Debug|Any CPU.Build.0 = Debug|Any CPU
		{6C48A3F0-80E9-4FC5-8D1B-6E83B9EB2B1B}.Release|Any CPU.ActiveCfg = Release|Any CPU
		{6C48A3F0-80E9-4FC5-8D1B-6E83B9EB2B1B}.Release|Any CPU.Build.0 = Release|Any CPU
		{4A988FEA-672F-4944-81DC-FABA173B4200}.Debug|Any CPU.ActiveCfg = Debug|Any CPU
		{4A988FEA-672F-4944-81DC-FABA173B4200}.Debug|Any CPU.Build.0 = Debug|Any CPU
		{4A988FEA-672F-4944-81DC-FABA173B4200}.Release|Any CPU.ActiveCfg = Release|Any CPU
		{4A988FEA-672F-4944-81DC-FABA173B4200}.Release|Any CPU.Build.0 = Release|Any CPU
		{CBF7B28D-300C-4AE1-9712-196CEEC092BA}.Debug|Any CPU.ActiveCfg = Debug|Any CPU
		{CBF7B28D-300C-4AE1-9712-196CEEC092BA}.Debug|Any CPU.Build.0 = Debug|Any CPU
		{CBF7B28D-300C-4AE1-9712-196CEEC092BA}.Release|Any CPU.ActiveCfg = Release|Any CPU
		{CBF7B28D-300C-4AE1-9712-196CEEC092BA}.Release|Any CPU.Build.0 = Release|Any CPU
		{411F9BB6-8EE6-4EA8-9E1D-976CE574B6BF}.Debug|Any CPU.ActiveCfg = Debug|Any CPU
		{411F9BB6-8EE6-4EA8-9E1D-976CE574B6BF}.Debug|Any CPU.Build.0 = Debug|Any CPU
		{411F9BB6-8EE6-4EA8-9E1D-976CE574B6BF}.Release|Any CPU.ActiveCfg = Release|Any CPU
		{411F9BB6-8EE6-4EA8-9E1D-976CE574B6BF}.Release|Any CPU.Build.0 = Release|Any CPU
		{EB51A13D-C6B7-4487-A8F8-31D561DF3BDF}.Debug|Any CPU.ActiveCfg = Debug|Any CPU
		{EB51A13D-C6B7-4487-A8F8-31D561DF3BDF}.Debug|Any CPU.Build.0 = Debug|Any CPU
		{EB51A13D-C6B7-4487-A8F8-31D561DF3BDF}.Release|Any CPU.ActiveCfg = Release|Any CPU
		{EB51A13D-C6B7-4487-A8F8-31D561DF3BDF}.Release|Any CPU.Build.0 = Release|Any CPU
		{6723529F-B6DC-4E8A-AA08-3DDAB9BE92CB}.Debug|Any CPU.ActiveCfg = Debug|Any CPU
		{6723529F-B6DC-4E8A-AA08-3DDAB9BE92CB}.Debug|Any CPU.Build.0 = Debug|Any CPU
		{6723529F-B6DC-4E8A-AA08-3DDAB9BE92CB}.Release|Any CPU.ActiveCfg = Release|Any CPU
		{6723529F-B6DC-4E8A-AA08-3DDAB9BE92CB}.Release|Any CPU.Build.0 = Release|Any CPU
		{E1ADFF20-C73A-4919-8B6F-842DE9547D9C}.Debug|Any CPU.ActiveCfg = Debug|Any CPU
		{E1ADFF20-C73A-4919-8B6F-842DE9547D9C}.Debug|Any CPU.Build.0 = Debug|Any CPU
		{E1ADFF20-C73A-4919-8B6F-842DE9547D9C}.Release|Any CPU.ActiveCfg = Release|Any CPU
		{E1ADFF20-C73A-4919-8B6F-842DE9547D9C}.Release|Any CPU.Build.0 = Release|Any CPU
	EndGlobalSection
	GlobalSection(SolutionProperties) = preSolution
		HideSolutionNode = FALSE
	EndGlobalSection
	GlobalSection(NestedProjects) = preSolution
		{BD0DEDBB-51B5-499E-BC2D-36B6B1AEA552} = {02EA681E-C7D8-13C7-8484-4AC65E1B71E8}
		{5935F50F-FABA-434C-9EAF-0223A56B8B95} = {02EA681E-C7D8-13C7-8484-4AC65E1B71E8}
		{6C48A3F0-80E9-4FC5-8D1B-6E83B9EB2B1B} = {02EA681E-C7D8-13C7-8484-4AC65E1B71E8}
		{4A988FEA-672F-4944-81DC-FABA173B4200} = {C7086DD2-E150-436C-9E43-8334B9F0033E}
		{CBF7B28D-300C-4AE1-9712-196CEEC092BA} = {C7086DD2-E150-436C-9E43-8334B9F0033E}
		{411F9BB6-8EE6-4EA8-9E1D-976CE574B6BF} = {C7086DD2-E150-436C-9E43-8334B9F0033E}
		{EB51A13D-C6B7-4487-A8F8-31D561DF3BDF} = {AF5854B4-43AA-45F3-91EE-1D5D02768926}
		{6723529F-B6DC-4E8A-AA08-3DDAB9BE92CB} = {AF5854B4-43AA-45F3-91EE-1D5D02768926}
		{E1ADFF20-C73A-4919-8B6F-842DE9547D9C} = {AF5854B4-43AA-45F3-91EE-1D5D02768926}
	EndGlobalSection
	GlobalSection(ExtensibilityGlobals) = postSolution
		SolutionGuid = {49F046EC-2775-4D01-945C-FA459C03B24C}
	EndGlobalSection
EndGlobal
