
Microsoft Visual Studio Solution File, Format Version 12.00
# Visual Studio Version 17
VisualStudioVersion = 17.14.36414.22
MinimumVisualStudioVersion = 10.0.40219.1
Project("{2150E333-8FDC-42A3-9474-1A3956D46DE8}") = "Task0", "Task0", "{02EA681E-C7D8-13C7-8484-4AC65E1B71E8}"
EndProject
Project("{FAE04EC0-301F-11D3-BF4B-00C04F79EFBC}") = "Tyuiu.GolovanovDO.Sprint2.Task0.V11", "Tyuiu.GolovanovDO.Sprint2.Task0.V11\Tyuiu.GolovanovDO.Sprint2.Task0.V11.csproj", "{BD0DEDBB-51B5-499E-BC2D-36B6B1AEA552}"
EndProject
Project("{FAE04EC0-301F-11D3-BF4B-00C04F79EFBC}") = "Tyuiu.GolovanovDO.Sprint2.Task0.V11.Lib", "Tyuiu.GolovanovDO.Sprint2.Task0.V11.Lib\Tyuiu.GolovanovDO.Sprint2.Task0.V11.Lib.csproj", "{5935F50F-FABA-434C-9EAF-0223A56B8B95}"
EndProject
Project("{FAE04EC0-301F-11D3-BF4B-00C04F79EFBC}") = "Tyuiu.GolovanovDO.Sprint2.Task0.V11.Test", "Tyuiu.GolovanovDO.Sprint2.Task0.V11.Test\Tyuiu.GolovanovDO.Sprint2.Task0.V11.Test.csproj", "{6C48A3F0-80E9-4FC5-8D1B-6E83B9EB2B1B}"
EndProject
Global
	GlobalSection(SolutionConfigurationPlatforms) = preSolution
		Debug|Any CPU = Debug|Any CPU
		Release|Any CPU = Release|Any CPU
	EndGlobalSection
	GlobalSection(ProjectConfigurationPlatforms) = postSolution
		{BD0DEDBB-51B5-499E-BC2D-36B6B1AEA552}.Debug|Any CPU.ActiveCfg = Debug|Any CPU
		{BD0DEDBB-51B5-499E-BC2D-36B6B1AEA552}.Debug|Any CPU.Build.0 = Debug|Any CPU
		{BD0DEDBB-51B5-499E-BC2D-36B6B1AEA552}.Release|Any CPU.ActiveCfg = Release|Any CPU
		{BD0DEDBB-51B5-499E-BC2D-36B6B1AEA552}.Release|Any CPU.Build.0 = Release|Any CPU
		{5935F50F-FABA-434C-9EAF-0223A56B8B95}.Debug|Any CPU.ActiveCfg = Debug|Any CPU
		{5935F50F-FABA-434C-9EAF-0223A56B8B95}.Debug|Any CPU.Build.0 = Debug|Any CPU
		{5935F50F-FABA-434C-9EAF-0223A56B8B95}.Release|Any CPU.ActiveCfg = Release|Any CPU
		{5935F50F-FABA-434C-9EAF-0223A56B8B95}.Release|Any CPU.Build.0 = Release|Any CPU
		{6C48A3F0-80E9-4FC5-8D1B-6E83B9EB2B1B}.Debug|Any CPU.ActiveCfg = Debug|Any CPU
		{6C48A3F0-80E9-4FC5-8D1B-6E83B9EB2B1B}.Debug|Any CPU.Build.0 = Debug|Any CPU
		{6C48A3F0-80E9-4FC5-8D1B-6E83B9EB2B1B}.Release|Any CPU.ActiveCfg = Release|Any CPU
		{6C48A3F0-80E9-4FC5-8D1B-6E83B9EB2B1B}.Release|Any CPU.Build.0 = Release|Any CPU
	EndGlobalSection
	GlobalSection(SolutionProperties) = preSolution
		HideSolutionNode = FALSE
	EndGlobalSection
	GlobalSection(NestedProjects) = preSolution
		{BD0DEDBB-51B5-499E-BC2D-36B6B1AEA552} = {02EA681E-C7D8-13C7-8484-4AC65E1B71E8}
		{5935F50F-FABA-434C-9EAF-0223A56B8B95} = {02EA681E-C7D8-13C7-8484-4AC65E1B71E8}
		{6C48A3F0-80E9-4FC5-8D1B-6E83B9EB2B1B} = {02EA681E-C7D8-13C7-8484-4AC65E1B71E8}
	EndGlobalSection
	GlobalSection(ExtensibilityGlobals) = postSolution
		SolutionGuid = {49F046EC-2775-4D01-945C-FA459C03B24C}
	EndGlobalSection
EndGlobal
